// !$*UTF8*$!
{
	archiveVersion = 1;
	classes = {
	};
	objectVersion = 56;
	objects = {

/* Begin PBXBuildFile section */
		B10000000000000000000001 /* LowTideApp.swift in Sources */ = {isa = PBXBuildFile; fileRef = F10000000000000000000001 /* LowTideApp.swift */; };
		B10000000000000000000002 /* ContentView.swift in Sources */ = {isa = PBXBuildFile; fileRef = F10000000000000000000002 /* ContentView.swift */; };
		B10000000000000000000003 /* GameWebView.swift in Sources */ = {isa = PBXBuildFile; fileRef = F10000000000000000000003 /* GameWebView.swift */; };
		B10000000000000000000004 /* BundleSchemeHandler.swift in Sources */ = {isa = PBXBuildFile; fileRef = F10000000000000000000004 /* BundleSchemeHandler.swift */; };
		B10000000000000000000005 /* HarborColor.swift in Sources */ = {isa = PBXBuildFile; fileRef = F10000000000000000000005 /* HarborColor.swift */; };
		B10000000000000000000006 /* Assets.xcassets in Resources */ = {isa = PBXBuildFile; fileRef = F10000000000000000000006 /* Assets.xcassets */; };
/* End PBXBuildFile section */

/* Begin PBXFileReference section */
		F10000000000000000000001 /* LowTideApp.swift */ = {isa = PBXFileReference; lastKnownFileType = sourcecode.swift; path = LowTideApp.swift; sourceTree = "<group>"; };
		F10000000000000000000002 /* ContentView.swift */ = {isa = PBXFileReference; lastKnownFileType = sourcecode.swift; path = ContentView.swift; sourceTree = "<group>"; };
		F10000000000000000000003 /* GameWebView.swift */ = {isa = PBXFileReference; lastKnownFileType = sourcecode.swift; path = GameWebView.swift; sourceTree = "<group>"; };
		F10000000000000000000004 /* BundleSchemeHandler.swift */ = {isa = PBXFileReference; lastKnownFileType = sourcecode.swift; path = BundleSchemeHandler.swift; sourceTree = "<group>"; };
		F10000000000000000000005 /* HarborColor.swift */ = {isa = PBXFileReference; lastKnownFileType = sourcecode.swift; path = HarborColor.swift; sourceTree = "<group>"; };
		F10000000000000000000006 /* Assets.xcassets */ = {isa = PBXFileReference; lastKnownFileType = folder.assetcatalog; path = Assets.xcassets; sourceTree = "<group>"; };
		F10000000000000000000007 /* Info.plist */ = {isa = PBXFileReference; lastKnownFileType = text.plist.xml; path = Info.plist; sourceTree = "<group>"; };
		F10000000000000000000008 /* LowTide.app */ = {isa = PBXFileReference; explicitFileType = wrapper.application; includeInIndex = 0; path = LowTide.app; sourceTree = BUILT_PRODUCTS_DIR; };
		F10000000000000000000010 /* arcade.css */ = {isa = PBXFileReference; lastKnownFileType = text.css; path = arcade.css; sourceTree = "<group>"; };
		F10000000000000000000011 /* engine.mjs */ = {isa = PBXFileReference; lastKnownFileType = sourcecode.javascript; path = engine.mjs; sourceTree = "<group>"; };
		F10000000000000000000012 /* index.html */ = {isa = PBXFileReference; lastKnownFileType = text.html; path = index.html; sourceTree = "<group>"; };
		F10000000000000000000013 /* pieces.mjs */ = {isa = PBXFileReference; lastKnownFileType = sourcecode.javascript; path = pieces.mjs; sourceTree = "<group>"; };
		F10000000000000000000014 /* rpg-model.mjs */ = {isa = PBXFileReference; lastKnownFileType = sourcecode.javascript; path = "rpg-model.mjs"; sourceTree = "<group>"; };
		F10000000000000000000015 /* rpg.css */ = {isa = PBXFileReference; lastKnownFileType = text.css; path = rpg.css; sourceTree = "<group>"; };
		F10000000000000000000016 /* rpg.mjs */ = {isa = PBXFileReference; lastKnownFileType = sourcecode.javascript; path = rpg.mjs; sourceTree = "<group>"; };
		F10000000000000000000017 /* ink-crew.webp */ = {isa = PBXFileReference; lastKnownFileType = image.webp; path = "ink-crew.webp"; sourceTree = "<group>"; };
		F10000000000000000000018 /* ink-scenes.webp */ = {isa = PBXFileReference; lastKnownFileType = image.webp; path = "ink-scenes.webp"; sourceTree = "<group>"; };
		F10000000000000000000019 /* copy-web-bundle.sh */ = {isa = PBXFileReference; lastKnownFileType = text.script.sh; path = "copy-web-bundle.sh"; sourceTree = "<group>"; };
		F1000000000000000000001A /* validate-ios-project.py */ = {isa = PBXFileReference; lastKnownFileType = text.script.python; path = "validate-ios-project.py"; sourceTree = "<group>"; };
/* End PBXFileReference section */

/* Begin PBXFrameworksBuildPhase section */
		E40000000000000000000001 /* Frameworks */ = {
			isa = PBXFrameworksBuildPhase;
			buildActionMask = 2147483647;
			files = (
			);
			runOnlyForDeploymentPostprocessing = 0;
		};
/* End PBXFrameworksBuildPhase section */

/* Begin PBXGroup section */
		A10000000000000000000001 = {
			isa = PBXGroup;
			children = (
				A10000000000000000000003 /* LowTide */,
				A10000000000000000000004 /* Web */,
				A10000000000000000000006 /* scripts */,
				A10000000000000000000002 /* Products */,
			);
			sourceTree = "<group>";
		};
		A10000000000000000000002 /* Products */ = {
			isa = PBXGroup;
			children = (
				F10000000000000000000008 /* LowTide.app */,
			);
			name = Products;
			sourceTree = "<group>";
		};
		A10000000000000000000003 /* LowTide */ = {
			isa = PBXGroup;
			children = (
				F10000000000000000000001 /* LowTideApp.swift */,
				F10000000000000000000002 /* ContentView.swift */,
				F10000000000000000000003 /* GameWebView.swift */,
				F10000000000000000000004 /* BundleSchemeHandler.swift */,
				F10000000000000000000005 /* HarborColor.swift */,
				F10000000000000000000006 /* Assets.xcassets */,
				F10000000000000000000007 /* Info.plist */,
			);
			path = LowTide;
			sourceTree = "<group>";
		};
		A10000000000000000000004 /* Web */ = {
			isa = PBXGroup;
			children = (
				F10000000000000000000010 /* arcade.css */,
				A10000000000000000000005 /* assets */,
				F10000000000000000000011 /* engine.mjs */,
				F10000000000000000000012 /* index.html */,
				F10000000000000000000013 /* pieces.mjs */,
				F10000000000000000000014 /* rpg-model.mjs */,
				F10000000000000000000015 /* rpg.css */,
				F10000000000000000000016 /* rpg.mjs */,
			);
			name = Web;
			path = "../dist";
			sourceTree = "<group>";
		};
		A10000000000000000000005 /* assets */ = {
			isa = PBXGroup;
			children = (
				F10000000000000000000017 /* ink-crew.webp */,
				F10000000000000000000018 /* ink-scenes.webp */,
			);
			path = assets;
			sourceTree = "<group>";
		};
		A10000000000000000000006 /* scripts */ = {
			isa = PBXGroup;
			children = (
				F10000000000000000000019 /* copy-web-bundle.sh */,
				F1000000000000000000001A /* validate-ios-project.py */,
			);
			path = scripts;
			sourceTree = "<group>";
		};
/* End PBXGroup section */

/* Begin PBXNativeTarget section */
		C10000000000000000000001 /* LowTide */ = {
			isa = PBXNativeTarget;
			buildConfigurationList = 120000000000000000000002 /* Build configuration list for PBXNativeTarget "LowTide" */;
			buildPhases = (
				E30000000000000000000001 /* Sources */,
				E40000000000000000000001 /* Frameworks */,
				E10000000000000000000001 /* Resources */,
				E20000000000000000000001 /* Copy Web Bundle */,
			);
			buildRules = (
			);
			dependencies = (
			);
			name = LowTide;
			productName = LowTide;
			productReference = F10000000000000000000008 /* LowTide.app */;
			productType = "com.apple.product-type.application";
		};
/* End PBXNativeTarget section */

/* Begin PBXProject section */
		D10000000000000000000001 /* Project object */ = {
			isa = PBXProject;
			attributes = {
				BuildIndependentTargetsInParallel = 1;
				LastUpgradeCheck = 1500;
				TargetAttributes = {
					C10000000000000000000001 = {
						CreatedOnToolsVersion = 15.0;
					};
				};
			};
			buildConfigurationList = 120000000000000000000001 /* Build configuration list for PBXProject "LowTide" */;
			compatibilityVersion = "Xcode 14.0";
			developmentRegion = en;
			hasScannedForEncodings = 0;
			knownRegions = (
				en,
				Base,
			);
			mainGroup = A10000000000000000000001;
			productRefGroup = A10000000000000000000002 /* Products */;
			projectDirPath = "";
			projectRoot = "";
			targets = (
				C10000000000000000000001 /* LowTide */,
			);
		};
/* End PBXProject section */

/* Begin PBXResourcesBuildPhase section */
		E10000000000000000000001 /* Resources */ = {
			isa = PBXResourcesBuildPhase;
			buildActionMask = 2147483647;
			files = (
				B10000000000000000000006 /* Assets.xcassets in Resources */,
			);
			runOnlyForDeploymentPostprocessing = 0;
		};
/* End PBXResourcesBuildPhase section */

/* Begin PBXShellScriptBuildPhase section */
		E20000000000000000000001 /* Copy Web Bundle */ = {
			isa = PBXShellScriptBuildPhase;
			alwaysOutOfDate = 1;
			buildActionMask = 2147483647;
			files = (
			);
			inputFileListPaths = (
			);
			inputPaths = (
				"$(SRCROOT)/../dist/arcade.css",
				"$(SRCROOT)/../dist/assets/ink-crew.webp",
				"$(SRCROOT)/../dist/assets/ink-scenes.webp",
				"$(SRCROOT)/../dist/engine.mjs",
				"$(SRCROOT)/../dist/index.html",
				"$(SRCROOT)/../dist/pieces.mjs",
				"$(SRCROOT)/../dist/rpg-model.mjs",
				"$(SRCROOT)/../dist/rpg.css",
				"$(SRCROOT)/../dist/rpg.mjs",
			);
			name = "Copy Web Bundle";
			outputFileListPaths = (
			);
			outputPaths = (
				"$(TARGET_BUILD_DIR)/$(UNLOCALIZED_RESOURCES_FOLDER_PATH)/dist/arcade.css",
				"$(TARGET_BUILD_DIR)/$(UNLOCALIZED_RESOURCES_FOLDER_PATH)/dist/assets/ink-crew.webp",
				"$(TARGET_BUILD_DIR)/$(UNLOCALIZED_RESOURCES_FOLDER_PATH)/dist/assets/ink-scenes.webp",
				"$(TARGET_BUILD_DIR)/$(UNLOCALIZED_RESOURCES_FOLDER_PATH)/dist/engine.mjs",
				"$(TARGET_BUILD_DIR)/$(UNLOCALIZED_RESOURCES_FOLDER_PATH)/dist/index.html",
				"$(TARGET_BUILD_DIR)/$(UNLOCALIZED_RESOURCES_FOLDER_PATH)/dist/pieces.mjs",
				"$(TARGET_BUILD_DIR)/$(UNLOCALIZED_RESOURCES_FOLDER_PATH)/dist/rpg-model.mjs",
				"$(TARGET_BUILD_DIR)/$(UNLOCALIZED_RESOURCES_FOLDER_PATH)/dist/rpg.css",
				"$(TARGET_BUILD_DIR)/$(UNLOCALIZED_RESOURCES_FOLDER_PATH)/dist/rpg.mjs",
			);
			runOnlyForDeploymentPostprocessing = 0;
			shellPath = /bin/sh;
			shellScript = "/bin/sh \"${SRCROOT}/scripts/copy-web-bundle.sh\"\n";
		};
/* End PBXShellScriptBuildPhase section */

/* Begin PBXSourcesBuildPhase section */
		E30000000000000000000001 /* Sources */ = {
			isa = PBXSourcesBuildPhase;
			buildActionMask = 2147483647;
			files = (
				B10000000000000000000001 /* LowTideApp.swift in Sources */,
				B10000000000000000000002 /* ContentView.swift in Sources */,
				B10000000000000000000003 /* GameWebView.swift in Sources */,
				B10000000000000000000004 /* BundleSchemeHandler.swift in Sources */,
				B10000000000000000000005 /* HarborColor.swift in Sources */,
			);
			runOnlyForDeploymentPostprocessing = 0;
		};
/* End PBXSourcesBuildPhase section */

/* Begin XCBuildConfiguration section */
		110000000000000000000001 /* Debug */ = {
			isa = XCBuildConfiguration;
			buildSettings = {
				ALWAYS_SEARCH_USER_PATHS = NO;
				CLANG_ANALYZER_NONNULL = YES;
				CLANG_ENABLE_MODULES = YES;
				CLANG_ENABLE_OBJC_ARC = YES;
				CLANG_ENABLE_OBJC_WEAK = YES;
				CLANG_WARN_BLOCK_CAPTURE_AUTORELEASING = YES;
				CLANG_WARN_BOOL_CONVERSION = YES;
				CLANG_WARN_COMMA = YES;
				CLANG_WARN_CONSTANT_CONVERSION = YES;
				CLANG_WARN_DEPRECATED_OBJC_IMPLEMENTATIONS = YES;
				CLANG_WARN_DIRECT_OBJC_ISA_USAGE = YES_ERROR;
				CLANG_WARN_EMPTY_BODY = YES;
				CLANG_WARN_ENUM_CONVERSION = YES;
				CLANG_WARN_INFINITE_RECURSION = YES;
				CLANG_WARN_INT_CONVERSION = YES;
				CLANG_WARN_OBJC_IMPLICIT_RETAIN_SELF = YES;
				CLANG_WARN_OBJC_LITERAL_CONVERSION = YES;
				CLANG_WARN_OBJC_ROOT_CLASS = YES_ERROR;
				CLANG_WARN_QUOTED_INCLUDE_IN_FRAMEWORK_HEADER = YES;
				CLANG_WARN_RANGE_LOOP_ANALYSIS = YES;
				CLANG_WARN_STRICT_PROTOTYPES = YES;
				CLANG_WARN_SUSPICIOUS_MOVE = YES;
				CLANG_WARN_UNREACHABLE_CODE = YES;
				COPY_PHASE_STRIP = NO;
				DEBUG_INFORMATION_FORMAT = dwarf;
				ENABLE_STRICT_OBJC_MSGSEND = YES;
				ENABLE_TESTABILITY = YES;
				GCC_C_LANGUAGE_STANDARD = gnu11;
				GCC_DYNAMIC_NO_PIC = NO;
				GCC_NO_COMMON_BLOCKS = YES;
				GCC_OPTIMIZATION_LEVEL = 0;
				GCC_PREPROCESSOR_DEFINITIONS = (
					"DEBUG=1",
					"$(inherited)",
				);
				IPHONEOS_DEPLOYMENT_TARGET = 16.0;
				ONLY_ACTIVE_ARCH = YES;
				SDKROOT = iphoneos;
				SWIFT_ACTIVE_COMPILATION_CONDITIONS = DEBUG;
				SWIFT_OPTIMIZATION_LEVEL = "-Onone";
				SWIFT_VERSION = 5.0;
			};
			name = Debug;
		};
		110000000000000000000002 /* Release */ = {
			isa = XCBuildConfiguration;
			buildSettings = {
				ALWAYS_SEARCH_USER_PATHS = NO;
				CLANG_ANALYZER_NONNULL = YES;
				CLANG_ENABLE_MODULES = YES;
				CLANG_ENABLE_OBJC_ARC = YES;
				CLANG_ENABLE_OBJC_WEAK = YES;
				CLANG_WARN_BLOCK_CAPTURE_AUTORELEASING = YES;
				CLANG_WARN_BOOL_CONVERSION = YES;
				CLANG_WARN_COMMA = YES;
				CLANG_WARN_CONSTANT_CONVERSION = YES;
				CLANG_WARN_DEPRECATED_OBJC_IMPLEMENTATIONS = YES;
				CLANG_WARN_DIRECT_OBJC_ISA_USAGE = YES_ERROR;
				CLANG_WARN_EMPTY_BODY = YES;
				CLANG_WARN_ENUM_CONVERSION = YES;
				CLANG_WARN_INFINITE_RECURSION = YES;
				CLANG_WARN_INT_CONVERSION = YES;
				CLANG_WARN_OBJC_IMPLICIT_RETAIN_SELF = YES;
				CLANG_WARN_OBJC_LITERAL_CONVERSION = YES;
				CLANG_WARN_OBJC_ROOT_CLASS = YES_ERROR;
				CLANG_WARN_QUOTED_INCLUDE_IN_FRAMEWORK_HEADER = YES;
				CLANG_WARN_RANGE_LOOP_ANALYSIS = YES;
				CLANG_WARN_STRICT_PROTOTYPES = YES;
				CLANG_WARN_SUSPICIOUS_MOVE = YES;
				CLANG_WARN_UNREACHABLE_CODE = YES;
				COPY_PHASE_STRIP = NO;
				DEBUG_INFORMATION_FORMAT = "dwarf-with-dsym";
				ENABLE_NS_ASSERTIONS = NO;
				ENABLE_STRICT_OBJC_MSGSEND = YES;
				GCC_C_LANGUAGE_STANDARD = gnu11;
				GCC_NO_COMMON_BLOCKS = YES;
				IPHONEOS_DEPLOYMENT_TARGET = 16.0;
				SDKROOT = iphoneos;
				SWIFT_COMPILATION_MODE = wholemodule;
				SWIFT_OPTIMIZATION_LEVEL = "-O";
				SWIFT_VERSION = 5.0;
				VALIDATE_PRODUCT = YES;
			};
			name = Release;
		};
		110000000000000000000003 /* Debug */ = {
			isa = XCBuildConfiguration;
			buildSettings = {
				ASSETCATALOG_COMPILER_APPICON_NAME = AppIcon;
				ASSETCATALOG_COMPILER_GLOBAL_ACCENT_COLOR_NAME = AccentColor;
				CODE_SIGN_IDENTITY = "Apple Development";
				"CODE_SIGN_IDENTITY[sdk=iphonesimulator*]" = "-";
				CODE_SIGN_STYLE = Automatic;
				CURRENT_PROJECT_VERSION = 1;
				DEVELOPMENT_TEAM = "";
				ENABLE_PREVIEWS = NO;
				ENABLE_USER_SCRIPT_SANDBOXING = NO;
				GENERATE_INFOPLIST_FILE = NO;
				INFOPLIST_FILE = LowTide/Info.plist;
				IPHONEOS_DEPLOYMENT_TARGET = 16.0;
				LD_RUNPATH_SEARCH_PATHS = (
					"$(inherited)",
					"@executable_path/Frameworks",
				);
				MARKETING_VERSION = 1.0;
				PRODUCT_BUNDLE_IDENTIFIER = com.mooandidesign.lowtide;
				PRODUCT_NAME = "$(TARGET_NAME)";
				SUPPORTED_PLATFORMS = "iphoneos iphonesimulator";
				SUPPORTS_MACCATALYST = NO;
				SUPPORTS_MAC_DESIGNED_FOR_IPHONE_IPAD = NO;
				SWIFT_EMIT_LOC_STRINGS = YES;
				SWIFT_VERSION = 5.0;
				TARGETED_DEVICE_FAMILY = 1;
			};
			name = Debug;
		};
		110000000000000000000004 /* Release */ = {
			isa = XCBuildConfiguration;
			buildSettings = {
				ASSETCATALOG_COMPILER_APPICON_NAME = AppIcon;
				ASSETCATALOG_COMPILER_GLOBAL_ACCENT_COLOR_NAME = AccentColor;
				CODE_SIGN_IDENTITY = "Apple Development";
				"CODE_SIGN_IDENTITY[sdk=iphonesimulator*]" = "-";
				CODE_SIGN_STYLE = Automatic;
				CURRENT_PROJECT_VERSION = 1;
				DEVELOPMENT_TEAM = "";
				ENABLE_PREVIEWS = NO;
				ENABLE_USER_SCRIPT_SANDBOXING = NO;
				GENERATE_INFOPLIST_FILE = NO;
				INFOPLIST_FILE = LowTide/Info.plist;
				IPHONEOS_DEPLOYMENT_TARGET = 16.0;
				LD_RUNPATH_SEARCH_PATHS = (
					"$(inherited)",
					"@executable_path/Frameworks",
				);
				MARKETING_VERSION = 1.0;
				PRODUCT_BUNDLE_IDENTIFIER = com.mooandidesign.lowtide;
				PRODUCT_NAME = "$(TARGET_NAME)";
				SUPPORTED_PLATFORMS = "iphoneos iphonesimulator";
				SUPPORTS_MACCATALYST = NO;
				SUPPORTS_MAC_DESIGNED_FOR_IPHONE_IPAD = NO;
				SWIFT_EMIT_LOC_STRINGS = YES;
				SWIFT_VERSION = 5.0;
				TARGETED_DEVICE_FAMILY = 1;
			};
			name = Release;
		};
/* End XCBuildConfiguration section */

/* Begin XCConfigurationList section */
		120000000000000000000001 /* Build configuration list for PBXProject "LowTide" */ = {
			isa = XCConfigurationList;
			buildConfigurations = (
				110000000000000000000001 /* Debug */,
				110000000000000000000002 /* Release */,
			);
			defaultConfigurationIsVisible = 0;
			defaultConfigurationName = Release;
		};
		120000000000000000000002 /* Build configuration list for PBXNativeTarget "LowTide" */ = {
			isa = XCConfigurationList;
			buildConfigurations = (
				110000000000000000000003 /* Debug */,
				110000000000000000000004 /* Release */,
			);
			defaultConfigurationIsVisible = 0;
			defaultConfigurationName = Release;
		};
/* End XCConfigurationList section */
	};
	rootObject = D10000000000000000000001 /* Project object */;
}
